// !$*UTF8*$!
{
	archiveVersion = 1;
	classes = {
	};
	objectVersion = 55;
	objects = {

/* Begin PBXBuildFile section */
		3498E70027B57C27009284F5 /* ChildCell.swift in Sources */ = {isa = PBXBuildFile; fileRef = 3498E6FE27B57C27009284F5 /* ChildCell.swift */; };
		3498E70127B57C27009284F5 /* ChildCell.xib in Resources */ = {isa = PBXBuildFile; fileRef = 3498E6FF27B57C27009284F5 /* ChildCell.xib */; };
		3498E70627B583A9009284F5 /* NameIdentifiable.swift in Sources */ = {isa = PBXBuildFile; fileRef = 3498E70527B583A9009284F5 /* NameIdentifiable.swift */; };
		34FD90A327B551F0006B5DE7 /* AppDelegate.swift in Sources */ = {isa = PBXBuildFile; fileRef = 34FD90A227B551F0006B5DE7 /* AppDelegate.swift */; };
		34FD90A527B551F0006B5DE7 /* SceneDelegate.swift in Sources */ = {isa = PBXBuildFile; fileRef = 34FD90A427B551F0006B5DE7 /* SceneDelegate.swift */; };
		34FD90A727B551F0006B5DE7 /* ViewController.swift in Sources */ = {isa = PBXBuildFile; fileRef = 34FD90A627B551F0006B5DE7 /* ViewController.swift */; };
		34FD90AA27B551F0006B5DE7 /* Main.storyboard in Resources */ = {isa = PBXBuildFile; fileRef = 34FD90A827B551F0006B5DE7 /* Main.storyboard */; };
		34FD90AC27B551F0006B5DE7 /* Assets.xcassets in Resources */ = {isa = PBXBuildFile; fileRef = 34FD90AB27B551F0006B5DE7 /* Assets.xcassets */; };
		34FD90AF27B551F0006B5DE7 /* LaunchScreen.storyboard in Resources */ = {isa = PBXBuildFile; fileRef = 34FD90AD27B551F0006B5DE7 /* LaunchScreen.storyboard */; };
		34FEE9D827B56FC7001E79F3 /* PersonCell.swift in Sources */ = {isa = PBXBuildFile; fileRef = 34FEE9D627B56FC7001E79F3 /* PersonCell.swift */; };
		34FEE9D927B56FC7001E79F3 /* PersonCell.xib in Resources */ = {isa = PBXBuildFile; fileRef = 34FEE9D727B56FC7001E79F3 /* PersonCell.xib */; };
/* End PBXBuildFile section */

/* Begin PBXFileReference section */
		3498E6FE27B57C27009284F5 /* ChildCell.swift */ = {isa = PBXFileReference; lastKnownFileType = sourcecode.swift; path = ChildCell.swift; sourceTree = "<group>"; };
		3498E6FF27B57C27009284F5 /* ChildCell.xib */ = {isa = PBXFileReference; lastKnownFileType = file.xib; path = ChildCell.xib; sourceTree = "<group>"; };
		3498E70527B583A9009284F5 /* NameIdentifiable.swift */ = {isa = PBXFileReference; lastKnownFileType = sourcecode.swift; path = NameIdentifiable.swift; sourceTree = "<group>"; };
		34FD909F27B551F0006B5DE7 /* Test.app */ = {isa = PBXFileReference; explicitFileType = wrapper.application; includeInIndex = 0; path = Test.app; sourceTree = BUILT_PRODUCTS_DIR; };
		34FD90A227B551F0006B5DE7 /* AppDelegate.swift */ = {isa = PBXFileReference; lastKnownFileType = sourcecode.swift; path = AppDelegate.swift; sourceTree = "<group>"; };
		34FD90A427B551F0006B5DE7 /* SceneDelegate.swift */ = {isa = PBXFileReference; lastKnownFileType = sourcecode.swift; path = SceneDelegate.swift; sourceTree = "<group>"; };
		34FD90A627B551F0006B5DE7 /* ViewController.swift */ = {isa = PBXFileReference; lastKnownFileType = sourcecode.swift; path = ViewController.swift; sourceTree = "<group>"; };
		34FD90A927B551F0006B5DE7 /* Base */ = {isa = PBXFileReference; lastKnownFileType = file.storyboard; name = Base; path = Base.lproj/Main.storyboard; sourceTree = "<group>"; };
		34FD90AB27B551F0006B5DE7 /* Assets.xcassets */ = {isa = PBXFileReference; lastKnownFileType = folder.assetcatalog; path = Assets.xcassets; sourceTree = "<group>"; };
		34FD90AE27B551F0006B5DE7 /* Base */ = {isa = PBXFileReference; lastKnownFileType = file.storyboard; name = Base; path = Base.lproj/LaunchScreen.storyboard; sourceTree = "<group>"; };
		34FD90B027B551F0006B5DE7 /* Info.plist */ = {isa = PBXFileReference; lastKnownFileType = text.plist.xml; path = Info.plist; sourceTree = "<group>"; };
		34FEE9D627B56FC7001E79F3 /* PersonCell.swift */ = {isa = PBXFileReference; lastKnownFileType = sourcecode.swift; path = PersonCell.swift; sourceTree = "<group>"; };
		34FEE9D727B56FC7001E79F3 /* PersonCell.xib */ = {isa = PBXFileReference; lastKnownFileType = file.xib; path = PersonCell.xib; sourceTree = "<group>"; };
/* End PBXFileReference section */

/* Begin PBXFrameworksBuildPhase section */
		34FD909C27B551F0006B5DE7 /* Frameworks */ = {
			isa = PBXFrameworksBuildPhase;
			buildActionMask = 2147483647;
			files = (
			);
			runOnlyForDeploymentPostprocessing = 0;
		};
/* End PBXFrameworksBuildPhase section */

/* Begin PBXGroup section */
		3498E70227B58306009284F5 /* Supporting Files */ = {
			isa = PBXGroup;
			children = (
				34FD90A227B551F0006B5DE7 /* AppDelegate.swift */,
				34FD90A427B551F0006B5DE7 /* SceneDelegate.swift */,
				34FD90AD27B551F0006B5DE7 /* LaunchScreen.storyboard */,
			);
			path = "Supporting Files";
			sourceTree = "<group>";
		};
		3498E70327B58336009284F5 /* Reusable Views */ = {
			isa = PBXGroup;
			children = (
				34FEE9D627B56FC7001E79F3 /* PersonCell.swift */,
				34FEE9D727B56FC7001E79F3 /* PersonCell.xib */,
				3498E6FE27B57C27009284F5 /* ChildCell.swift */,
				3498E6FF27B57C27009284F5 /* ChildCell.xib */,
				3498E70427B58391009284F5 /* Protocol */,
			);
			path = "Reusable Views";
			sourceTree = "<group>";
		};
		3498E70427B58391009284F5 /* Protocol */ = {
			isa = PBXGroup;
			children = (
				3498E70527B583A9009284F5 /* NameIdentifiable.swift */,
			);
			path = Protocol;
			sourceTree = "<group>";
		};
		34FD909627B551F0006B5DE7 = {
			isa = PBXGroup;
			children = (
				34FD90A127B551F0006B5DE7 /* Test */,
				34FD90A027B551F0006B5DE7 /* Products */,
			);
			sourceTree = "<group>";
		};
		34FD90A027B551F0006B5DE7 /* Products */ = {
			isa = PBXGroup;
			children = (
				34FD909F27B551F0006B5DE7 /* Test.app */,
			);
			name = Products;
			sourceTree = "<group>";
		};
		34FD90A127B551F0006B5DE7 /* Test */ = {
			isa = PBXGroup;
			children = (
				3498E70227B58306009284F5 /* Supporting Files */,
				34FD90A627B551F0006B5DE7 /* ViewController.swift */,
				34FD90A827B551F0006B5DE7 /* Main.storyboard */,
				3498E70327B58336009284F5 /* Reusable Views */,
				34FD90AB27B551F0006B5DE7 /* Assets.xcassets */,
				34FD90B027B551F0006B5DE7 /* Info.plist */,
			);
			path = Test;
			sourceTree = "<group>";
		};
/* End PBXGroup section */

/* Begin PBXNativeTarget section */
		34FD909E27B551F0006B5DE7 /* Test */ = {
			isa = PBXNativeTarget;
			buildConfigurationList = 34FD90B327B551F0006B5DE7 /* Build configuration list for PBXNativeTarget "Test" */;
			buildPhases = (
				34FD909B27B551F0006B5DE7 /* Sources */,
				34FD909C27B551F0006B5DE7 /* Frameworks */,
				34FD909D27B551F0006B5DE7 /* Resources */,
			);
			buildRules = (
			);
			dependencies = (
			);
			name = Test;
			productName = Test;
			productReference = 34FD909F27B551F0006B5DE7 /* Test.app */;
			productType = "com.apple.product-type.application";
		};
/* End PBXNativeTarget section */

/* Begin PBXProject section */
		34FD909727B551F0006B5DE7 /* Project object */ = {
			isa = PBXProject;
			attributes = {
				BuildIndependentTargetsInParallel = 1;
				LastSwiftUpdateCheck = 1320;
				LastUpgradeCheck = 1320;
				TargetAttributes = {
					34FD909E27B551F0006B5DE7 = {
						CreatedOnToolsVersion = 13.2.1;
					};
				};
			};
			buildConfigurationList = 34FD909A27B551F0006B5DE7 /* Build configuration list for PBXProject "Test" */;
			compatibilityVersion = "Xcode 13.0";
			developmentRegion = en;
			hasScannedForEncodings = 0;
			knownRegions = (
				en,
				Base,
			);
			mainGroup = 34FD909627B551F0006B5DE7;
			productRefGroup = 34FD90A027B551F0006B5DE7 /* Products */;
			projectDirPath = "";
			projectRoot = "";
			targets = (
				34FD909E27B551F0006B5DE7 /* Test */,
			);
		};
/* End PBXProject section */

/* Begin PBXResourcesBuildPhase section */
		34FD909D27B551F0006B5DE7 /* Resources */ = {
			isa = PBXResourcesBuildPhase;
			buildActionMask = 2147483647;
			files = (
				34FD90AF27B551F0006B5DE7 /* LaunchScreen.storyboard in Resources */,
				3498E70127B57C27009284F5 /* ChildCell.xib in Resources */,
				34FD90AC27B551F0006B5DE7 /* Assets.xcassets in Resources */,
				34FEE9D927B56FC7001E79F3 /* PersonCell.xib in Resources */,
				34FD90AA27B551F0006B5DE7 /* Main.storyboard in Resources */,
			);
			runOnlyForDeploymentPostprocessing = 0;
		};
/* End PBXResourcesBuildPhase section */

/* Begin PBXSourcesBuildPhase section */
		34FD909B27B551F0006B5DE7 /* Sources */ = {
			isa = PBXSourcesBuildPhase;
			buildActionMask = 2147483647;
			files = (
				34FD90A727B551F0006B5DE7 /* ViewController.swift in Sources */,
				34FD90A327B551F0006B5DE7 /* AppDelegate.swift in Sources */,
				3498E70027B57C27009284F5 /* ChildCell.swift in Sources */,
				3498E70627B583A9009284F5 /* NameIdentifiable.swift in Sources */,
				34FEE9D827B56FC7001E79F3 /* PersonCell.swift in Sources */,
				34FD90A527B551F0006B5DE7 /* SceneDelegate.swift in Sources */,
			);
			runOnlyForDeploymentPostprocessing = 0;
		};
/* End PBXSourcesBuildPhase section */

/* Begin PBXVariantGroup section */
		34FD90A827B551F0006B5DE7 /* Main.storyboard */ = {
			isa = PBXVariantGroup;
			children = (
				34FD90A927B551F0006B5DE7 /* Base */,
			);
			name = Main.storyboard;
			sourceTree = "<group>";
		};
		34FD90AD27B551F0006B5DE7 /* LaunchScreen.storyboard */ = {
			isa = PBXVariantGroup;
			children = (
				34FD90AE27B551F0006B5DE7 /* Base */,
			);
			name = LaunchScreen.storyboard;
			sourceTree = "<group>";
		};
/* End PBXVariantGroup section */

/* Begin XCBuildConfiguration section */
		34FD90B127B551F0006B5DE7 /* Debug */ = {
			isa = XCBuildConfiguration;
			buildSettings = {
				ALWAYS_SEARCH_USER_PATHS = NO;
				CLANG_ANALYZER_NONNULL = YES;
				CLANG_ANALYZER_NUMBER_OBJECT_CONVERSION = YES_AGGRESSIVE;
				CLANG_CXX_LANGUAGE_STANDARD = "gnu++17";
				CLANG_CXX_LIBRARY = "libc++";
				CLANG_ENABLE_MODULES = YES;
				CLANG_ENABLE_OBJC_ARC = YES;
				CLANG_ENABLE_OBJC_WEAK = YES;
				CLANG_WARN_BLOCK_CAPTURE_AUTORELEASING = YES;
				CLANG_WARN_BOOL_CONVERSION = YES;
				CLANG_WARN_COMMA = YES;
				CLANG_WARN_CONSTANT_CONVERSION = YES;
				CLANG_WARN_DEPRECATED_OBJC_IMPLEMENTATIONS = YES;
				CLANG_WARN_DIRECT_OBJC_ISA_USAGE = YES_ERROR;
				CLANG_WARN_DOCUMENTATION_COMMENTS = YES;
				CLANG_WARN_EMPTY_BODY = YES;
				CLANG_WARN_ENUM_CONVERSION = YES;
				CLANG_WARN_INFINITE_RECURSION = YES;
				CLANG_WARN_INT_CONVERSION = YES;
				CLANG_WARN_NON_LITERAL_NULL_CONVERSION = YES;
				CLANG_WARN_OBJC_IMPLICIT_RETAIN_SELF = YES;
				CLANG_WARN_OBJC_LITERAL_CONVERSION = YES;
				CLANG_WARN_OBJC_ROOT_CLASS = YES_ERROR;
				CLANG_WARN_QUOTED_INCLUDE_IN_FRAMEWORK_HEADER = YES;
				CLANG_WARN_RANGE_LOOP_ANALYSIS = YES;
				CLANG_WARN_STRICT_PROTOTYPES = YES;
				CLANG_WARN_SUSPICIOUS_MOVE = YES;
				CLANG_WARN_UNGUARDED_AVAILABILITY = YES_AGGRESSIVE;
				CLANG_WARN_UNREACHABLE_CODE = YES;
				CLANG_WARN__DUPLICATE_METHOD_MATCH = YES;
				COPY_PHASE_STRIP = NO;
				DEBUG_INFORMATION_FORMAT = dwarf;
				ENABLE_STRICT_OBJC_MSGSEND = YES;
				ENABLE_TESTABILITY = YES;
				GCC_C_LANGUAGE_STANDARD = gnu11;
				GCC_DYNAMIC_NO_PIC = NO;
				GCC_NO_COMMON_BLOCKS = YES;
				GCC_OPTIMIZATION_LEVEL = 0;
				GCC_PREPROCESSOR_DEFINITIONS = (
					"DEBUG=1",
					"$(inherited)",
				);
				GCC_WARN_64_TO_32_BIT_CONVERSION = YES;
				GCC_WARN_ABOUT_RETURN_TYPE = YES_ERROR;
				GCC_WARN_UNDECLARED_SELECTOR = YES;
				GCC_WARN_UNINITIALIZED_AUTOS = YES_AGGRESSIVE;
				GCC_WARN_UNUSED_FUNCTION = YES;
				GCC_WARN_UNUSED_VARIABLE = YES;
				IPHONEOS_DEPLOYMENT_TARGET = 15.2;
				MTL_ENABLE_DEBUG_INFO = INCLUDE_SOURCE;
				MTL_FAST_MATH = YES;
				ONLY_ACTIVE_ARCH = YES;
				SDKROOT = iphoneos;
				SWIFT_ACTIVE_COMPILATION_CONDITIONS = DEBUG;
				SWIFT_OPTIMIZATION_LEVEL = "-Onone";
			};
			name = Debug;
		};
		34FD90B227B551F0006B5DE7 /* Release */ = {
			isa = XCBuildConfiguration;
			buildSettings = {
				ALWAYS_SEARCH_USER_PATHS = NO;
				CLANG_ANALYZER_NONNULL = YES;
				CLANG_ANALYZER_NUMBER_OBJECT_CONVERSION = YES_AGGRESSIVE;
				CLANG_CXX_LANGUAGE_STANDARD = "gnu++17";
				CLANG_CXX_LIBRARY = "libc++";
				CLANG_ENABLE_MODULES = YES;
				CLANG_ENABLE_OBJC_ARC = YES;
				CLANG_ENABLE_OBJC_WEAK = YES;
				CLANG_WARN_BLOCK_CAPTURE_AUTORELEASING = YES;
				CLANG_WARN_BOOL_CONVERSION = YES;
				CLANG_WARN_COMMA = YES;
				CLANG_WARN_CONSTANT_CONVERSION = YES;
				CLANG_WARN_DEPRECATED_OBJC_IMPLEMENTATIONS = YES;
				CLANG_WARN_DIRECT_OBJC_ISA_USAGE = YES_ERROR;
				CLANG_WARN_DOCUMENTATION_COMMENTS = YES;
				CLANG_WARN_EMPTY_BODY = YES;
				CLANG_WARN_ENUM_CONVERSION = YES;
				CLANG_WARN_INFINITE_RECURSION = YES;
				CLANG_WARN_INT_CONVERSION = YES;
				CLANG_WARN_NON_LITERAL_NULL_CONVERSION = YES;
				CLANG_WARN_OBJC_IMPLICIT_RETAIN_SELF = YES;
				CLANG_WARN_OBJC_LITERAL_CONVERSION = YES;
				CLANG_WARN_OBJC_ROOT_CLASS = YES_ERROR;
				CLANG_WARN_QUOTED_INCLUDE_IN_FRAMEWORK_HEADER = YES;
				CLANG_WARN_RANGE_LOOP_ANALYSIS = YES;
				CLANG_WARN_STRICT_PROTOTYPES = YES;
				CLANG_WARN_SUSPICIOUS_MOVE = YES;
				CLANG_WARN_UNGUARDED_AVAILABILITY = YES_AGGRESSIVE;
				CLANG_WARN_UNREACHABLE_CODE = YES;
				CLANG_WARN__DUPLICATE_METHOD_MATCH = YES;
				COPY_PHASE_STRIP = NO;
				DEBUG_INFORMATION_FORMAT = "dwarf-with-dsym";
				ENABLE_NS_ASSERTIONS = NO;
				ENABLE_STRICT_OBJC_MSGSEND = YES;
				GCC_C_LANGUAGE_STANDARD = gnu11;
				GCC_NO_COMMON_BLOCKS = YES;
				GCC_WARN_64_TO_32_BIT_CONVERSION = YES;
				GCC_WARN_ABOUT_RETURN_TYPE = YES_ERROR;
				GCC_WARN_UNDECLARED_SELECTOR = YES;
				GCC_WARN_UNINITIALIZED_AUTOS = YES_AGGRESSIVE;
				GCC_WARN_UNUSED_FUNCTION = YES;
				GCC_WARN_UNUSED_VARIABLE = YES;
				IPHONEOS_DEPLOYMENT_TARGET = 15.2;
				MTL_ENABLE_DEBUG_INFO = NO;
				MTL_FAST_MATH = YES;
				SDKROOT = iphoneos;
				SWIFT_COMPILATION_MODE = wholemodule;
				SWIFT_OPTIMIZATION_LEVEL = "-O";
				VALIDATE_PRODUCT = YES;
			};
			name = Release;
		};
		34FD90B427B551F0006B5DE7 /* Debug */ = {
			isa = XCBuildConfiguration;
			buildSettings = {
				ASSETCATALOG_COMPILER_APPICON_NAME = AppIcon;
				ASSETCATALOG_COMPILER_GLOBAL_ACCENT_COLOR_NAME = AccentColor;
				CODE_SIGN_STYLE = Automatic;
				CURRENT_PROJECT_VERSION = 1;
				DEVELOPMENT_TEAM = 3Z6LFXP9G2;
				GENERATE_INFOPLIST_FILE = YES;
				INFOPLIST_FILE = Test/Info.plist;
				INFOPLIST_KEY_UIApplicationSupportsIndirectInputEvents = YES;
				INFOPLIST_KEY_UILaunchStoryboardName = LaunchScreen;
				INFOPLIST_KEY_UIMainStoryboardFile = Main;
				INFOPLIST_KEY_UISupportedInterfaceOrientations_iPad = "UIInterfaceOrientationPortrait UIInterfaceOrientationPortraitUpsideDown UIInterfaceOrientationLandscapeLeft UIInterfaceOrientationLandscapeRight";
				INFOPLIST_KEY_UISupportedInterfaceOrientations_iPhone = "UIInterfaceOrientationPortrait UIInterfaceOrientationLandscapeLeft UIInterfaceOrientationLandscapeRight";
				IPHONEOS_DEPLOYMENT_TARGET = 11.0;
				LD_RUNPATH_SEARCH_PATHS = (
					"$(inherited)",
					"@executable_path/Frameworks",
				);
				MARKETING_VERSION = 1.0;
				PRODUCT_BUNDLE_IDENTIFIER = com.artur.ryzhikh.Test;
				PRODUCT_NAME = "$(TARGET_NAME)";
				SWIFT_EMIT_LOC_STRINGS = YES;
				SWIFT_VERSION = 5.0;
				TARGETED_DEVICE_FAMILY = "1,2";
			};
			name = Debug;
		};
		34FD90B527B551F0006B5DE7 /* Release */ = {
			isa = XCBuildConfiguration;
			buildSettings = {
				ASSETCATALOG_COMPILER_APPICON_NAME = AppIcon;
				ASSETCATALOG_COMPILER_GLOBAL_ACCENT_COLOR_NAME = AccentColor;
				CODE_SIGN_STYLE = Automatic;
				CURRENT_PROJECT_VERSION = 1;
				DEVELOPMENT_TEAM = 3Z6LFXP9G2;
				GENERATE_INFOPLIST_FILE = YES;
				INFOPLIST_FILE = Test/Info.plist;
				INFOPLIST_KEY_UIApplicationSupportsIndirectInputEvents = YES;
				INFOPLIST_KEY_UILaunchStoryboardName = LaunchScreen;
				INFOPLIST_KEY_UIMainStoryboardFile = Main;
				INFOPLIST_KEY_UISupportedInterfaceOrientations_iPad = "UIInterfaceOrientationPortrait UIInterfaceOrientationPortraitUpsideDown UIInterfaceOrientationLandscapeLeft UIInterfaceOrientationLandscapeRight";
				INFOPLIST_KEY_UISupportedInterfaceOrientations_iPhone = "UIInterfaceOrientationPortrait UIInterfaceOrientationLandscapeLeft UIInterfaceOrientationLandscapeRight";
				IPHONEOS_DEPLOYMENT_TARGET = 11.0;
				LD_RUNPATH_SEARCH_PATHS = (
					"$(inherited)",
					"@executable_path/Frameworks",
				);
				MARKETING_VERSION = 1.0;
				PRODUCT_BUNDLE_IDENTIFIER = com.artur.ryzhikh.Test;
				PRODUCT_NAME = "$(TARGET_NAME)";
				SWIFT_EMIT_LOC_STRINGS = YES;
				SWIFT_VERSION = 5.0;
				TARGETED_DEVICE_FAMILY = "1,2";
			};
			name = Release;
		};
/* End XCBuildConfiguration section */

/* Begin XCConfigurationList section */
		34FD909A27B551F0006B5DE7 /* Build configuration list for PBXProject "Test" */ = {
			isa = XCConfigurationList;
			buildConfigurations = (
				34FD90B127B551F0006B5DE7 /* Debug */,
				34FD90B227B551F0006B5DE7 /* Release */,
			);
			defaultConfigurationIsVisible = 0;
			defaultConfigurationName = Release;
		};
		34FD90B327B551F0006B5DE7 /* Build configuration list for PBXNativeTarget "Test" */ = {
			isa = XCConfigurationList;
			buildConfigurations = (
				34FD90B427B551F0006B5DE7 /* Debug */,
				34FD90B527B551F0006B5DE7 /* Release */,
			);
			defaultConfigurationIsVisible = 0;
			defaultConfigurationName = Release;
		};
/* End XCConfigurationList section */
	};
	rootObject = 34FD909727B551F0006B5DE7 /* Project object */;
}
